// !$*UTF8*$!
{
	archiveVersion = 1;
	classes = {
	};
	objectVersion = 55;
	objects = {

/* Begin PBXBuildFile section */
		5F217AC127EC8F8400C82D54 /* CurrencyTest.swift in Sources */ = {isa = PBXBuildFile; fileRef = 5F217AC027EC8F8400C82D54 /* CurrencyTest.swift */; };
		5F217AC327EC94BE00C82D54 /* CalculateExchangeRates.swift in Sources */ = {isa = PBXBuildFile; fileRef = 5F217AC227EC94BE00C82D54 /* CalculateExchangeRates.swift */; };
		5F217AC627EC9C1500C82D54 /* UITextField.swift in Sources */ = {isa = PBXBuildFile; fileRef = 5F217AC527EC9C1500C82D54 /* UITextField.swift */; };
		5F9839C927E138E700AD58D6 /* MoneyRatesServices.swift in Sources */ = {isa = PBXBuildFile; fileRef = 5F9839C827E138E700AD58D6 /* MoneyRatesServices.swift */; };
		5F9839CB27E13A4A00AD58D6 /* ApiKeys.swift in Sources */ = {isa = PBXBuildFile; fileRef = 5F9839CA27E13A4A00AD58D6 /* ApiKeys.swift */; };
		5FAE709727E37E50006E640C /* MyCurrentCurrency.swift in Sources */ = {isa = PBXBuildFile; fileRef = 5FAE709627E37E50006E640C /* MyCurrentCurrency.swift */; };
		5FAE709927E48020006E640C /* CurrencyTableViewCell.swift in Sources */ = {isa = PBXBuildFile; fileRef = 5FAE709827E48020006E640C /* CurrencyTableViewCell.swift */; };
		5FE02E9627E89D6E0067D89C /* APIError.swift in Sources */ = {isa = PBXBuildFile; fileRef = 5FE02E9527E89D6E0067D89C /* APIError.swift */; };
		5FE02E9827E8A1720067D89C /* SessionTask.swift in Sources */ = {isa = PBXBuildFile; fileRef = 5FE02E9727E8A1720067D89C /* SessionTask.swift */; };
		5FE431EC27DD39C0001040D3 /* AppDelegate.swift in Sources */ = {isa = PBXBuildFile; fileRef = 5FE431EB27DD39C0001040D3 /* AppDelegate.swift */; };
		5FE431EE27DD39C0001040D3 /* SceneDelegate.swift in Sources */ = {isa = PBXBuildFile; fileRef = 5FE431ED27DD39C0001040D3 /* SceneDelegate.swift */; };
		5FE431F327DD39C0001040D3 /* Main.storyboard in Resources */ = {isa = PBXBuildFile; fileRef = 5FE431F127DD39C0001040D3 /* Main.storyboard */; };
		5FE431F527DD39C3001040D3 /* Assets.xcassets in Resources */ = {isa = PBXBuildFile; fileRef = 5FE431F427DD39C3001040D3 /* Assets.xcassets */; };
		5FE431F827DD39C3001040D3 /* LaunchScreen.storyboard in Resources */ = {isa = PBXBuildFile; fileRef = 5FE431F627DD39C3001040D3 /* LaunchScreen.storyboard */; };
		5FE4320327DD39C3001040D3 /* LeBaluchonTests.swift in Sources */ = {isa = PBXBuildFile; fileRef = 5FE4320227DD39C3001040D3 /* LeBaluchonTests.swift */; };
		5FE4320D27DD39C4001040D3 /* LeBaluchonUITests.swift in Sources */ = {isa = PBXBuildFile; fileRef = 5FE4320C27DD39C4001040D3 /* LeBaluchonUITests.swift */; };
		5FE4320F27DD39C4001040D3 /* LeBaluchonUITestsLaunchTests.swift in Sources */ = {isa = PBXBuildFile; fileRef = 5FE4320E27DD39C4001040D3 /* LeBaluchonUITestsLaunchTests.swift */; };
		5FE5A37127E0B64E0002B586 /* MoneyRatesViewController.swift in Sources */ = {isa = PBXBuildFile; fileRef = 5FE5A37027E0B64E0002B586 /* MoneyRatesViewController.swift */; };
		5FE5A37327E0B6660002B586 /* TranslateViewController.swift in Sources */ = {isa = PBXBuildFile; fileRef = 5FE5A37227E0B6660002B586 /* TranslateViewController.swift */; };
		5FE5A37527E0B6770002B586 /* WeatherViewController.swift in Sources */ = {isa = PBXBuildFile; fileRef = 5FE5A37427E0B6770002B586 /* WeatherViewController.swift */; };
/* End PBXBuildFile section */

/* Begin PBXContainerItemProxy section */
		5FE431FF27DD39C3001040D3 /* PBXContainerItemProxy */ = {
			isa = PBXContainerItemProxy;
			containerPortal = 5FE431E027DD39C0001040D3 /* Project object */;
			proxyType = 1;
			remoteGlobalIDString = 5FE431E727DD39C0001040D3;
			remoteInfo = "Le Baluchon";
		};
		5FE4320927DD39C4001040D3 /* PBXContainerItemProxy */ = {
			isa = PBXContainerItemProxy;
			containerPortal = 5FE431E027DD39C0001040D3 /* Project object */;
			proxyType = 1;
			remoteGlobalIDString = 5FE431E727DD39C0001040D3;
			remoteInfo = "Le Baluchon";
		};
/* End PBXContainerItemProxy section */

/* Begin PBXFileReference section */
		5F217AC027EC8F8400C82D54 /* CurrencyTest.swift */ = {isa = PBXFileReference; lastKnownFileType = sourcecode.swift; path = CurrencyTest.swift; sourceTree = "<group>"; };
		5F217AC227EC94BE00C82D54 /* CalculateExchangeRates.swift */ = {isa = PBXFileReference; lastKnownFileType = sourcecode.swift; path = CalculateExchangeRates.swift; sourceTree = "<group>"; };
		5F217AC527EC9C1500C82D54 /* UITextField.swift */ = {isa = PBXFileReference; lastKnownFileType = sourcecode.swift; path = UITextField.swift; sourceTree = "<group>"; };
		5F9839C827E138E700AD58D6 /* MoneyRatesServices.swift */ = {isa = PBXFileReference; lastKnownFileType = sourcecode.swift; path = MoneyRatesServices.swift; sourceTree = "<group>"; };
		5F9839CA27E13A4A00AD58D6 /* ApiKeys.swift */ = {isa = PBXFileReference; lastKnownFileType = sourcecode.swift; path = ApiKeys.swift; sourceTree = "<group>"; };
		5FAE709627E37E50006E640C /* MyCurrentCurrency.swift */ = {isa = PBXFileReference; lastKnownFileType = sourcecode.swift; path = MyCurrentCurrency.swift; sourceTree = "<group>"; };
		5FAE709827E48020006E640C /* CurrencyTableViewCell.swift */ = {isa = PBXFileReference; lastKnownFileType = sourcecode.swift; path = CurrencyTableViewCell.swift; sourceTree = "<group>"; };
		5FE02E9527E89D6E0067D89C /* APIError.swift */ = {isa = PBXFileReference; lastKnownFileType = sourcecode.swift; path = APIError.swift; sourceTree = "<group>"; };
		5FE02E9727E8A1720067D89C /* SessionTask.swift */ = {isa = PBXFileReference; lastKnownFileType = sourcecode.swift; path = SessionTask.swift; sourceTree = "<group>"; };
		5FE431E827DD39C0001040D3 /* Le Baluchon.app */ = {isa = PBXFileReference; explicitFileType = wrapper.application; includeInIndex = 0; path = "Le Baluchon.app"; sourceTree = BUILT_PRODUCTS_DIR; };
		5FE431EB27DD39C0001040D3 /* AppDelegate.swift */ = {isa = PBXFileReference; lastKnownFileType = sourcecode.swift; path = AppDelegate.swift; sourceTree = "<group>"; };
		5FE431ED27DD39C0001040D3 /* SceneDelegate.swift */ = {isa = PBXFileReference; lastKnownFileType = sourcecode.swift; path = SceneDelegate.swift; sourceTree = "<group>"; };
		5FE431F227DD39C0001040D3 /* Base */ = {isa = PBXFileReference; lastKnownFileType = file.storyboard; name = Base; path = Base.lproj/Main.storyboard; sourceTree = "<group>"; };
		5FE431F427DD39C3001040D3 /* Assets.xcassets */ = {isa = PBXFileReference; lastKnownFileType = folder.assetcatalog; path = Assets.xcassets; sourceTree = "<group>"; };
		5FE431F727DD39C3001040D3 /* Base */ = {isa = PBXFileReference; lastKnownFileType = file.storyboard; name = Base; path = Base.lproj/LaunchScreen.storyboard; sourceTree = "<group>"; };
		5FE431F927DD39C3001040D3 /* Info.plist */ = {isa = PBXFileReference; lastKnownFileType = text.plist.xml; name = Info.plist; path = "Le Baluchon/Supporting files/Info.plist"; sourceTree = SOURCE_ROOT; };
		5FE431FE27DD39C3001040D3 /* Le BaluchonTests.xctest */ = {isa = PBXFileReference; explicitFileType = wrapper.cfbundle; includeInIndex = 0; path = "Le BaluchonTests.xctest"; sourceTree = BUILT_PRODUCTS_DIR; };
		5FE4320227DD39C3001040D3 /* LeBaluchonTests.swift */ = {isa = PBXFileReference; lastKnownFileType = sourcecode.swift; path = LeBaluchonTests.swift; sourceTree = "<group>"; };
		5FE4320827DD39C4001040D3 /* Le BaluchonUITests.xctest */ = {isa = PBXFileReference; explicitFileType = wrapper.cfbundle; includeInIndex = 0; path = "Le BaluchonUITests.xctest"; sourceTree = BUILT_PRODUCTS_DIR; };
		5FE4320C27DD39C4001040D3 /* LeBaluchonUITests.swift */ = {isa = PBXFileReference; lastKnownFileType = sourcecode.swift; path = LeBaluchonUITests.swift; sourceTree = "<group>"; };
		5FE4320E27DD39C4001040D3 /* LeBaluchonUITestsLaunchTests.swift */ = {isa = PBXFileReference; lastKnownFileType = sourcecode.swift; path = LeBaluchonUITestsLaunchTests.swift; sourceTree = "<group>"; };
		5FE5A37027E0B64E0002B586 /* MoneyRatesViewController.swift */ = {isa = PBXFileReference; lastKnownFileType = sourcecode.swift; path = MoneyRatesViewController.swift; sourceTree = "<group>"; };
		5FE5A37227E0B6660002B586 /* TranslateViewController.swift */ = {isa = PBXFileReference; lastKnownFileType = sourcecode.swift; path = TranslateViewController.swift; sourceTree = "<group>"; };
		5FE5A37427E0B6770002B586 /* WeatherViewController.swift */ = {isa = PBXFileReference; lastKnownFileType = sourcecode.swift; path = WeatherViewController.swift; sourceTree = "<group>"; };
/* End PBXFileReference section */

/* Begin PBXFrameworksBuildPhase section */
		5FE431E527DD39C0001040D3 /* Frameworks */ = {
			isa = PBXFrameworksBuildPhase;
			buildActionMask = 2147483647;
			files = (
			);
			runOnlyForDeploymentPostprocessing = 0;
		};
		5FE431FB27DD39C3001040D3 /* Frameworks */ = {
			isa = PBXFrameworksBuildPhase;
			buildActionMask = 2147483647;
			files = (
			);
			runOnlyForDeploymentPostprocessing = 0;
		};
		5FE4320527DD39C4001040D3 /* Frameworks */ = {
			isa = PBXFrameworksBuildPhase;
			buildActionMask = 2147483647;
			files = (
			);
			runOnlyForDeploymentPostprocessing = 0;
		};
/* End PBXFrameworksBuildPhase section */

/* Begin PBXGroup section */
		5F217AC427EC9BFA00C82D54 /* Extension */ = {
			isa = PBXGroup;
			children = (
				5F217AC527EC9C1500C82D54 /* UITextField.swift */,
			);
			path = Extension;
			sourceTree = "<group>";
		};
		5FB7A8FB27E0B53F00BA1BF3 /* Services */ = {
			isa = PBXGroup;
			children = (
				5F9839C827E138E700AD58D6 /* MoneyRatesServices.swift */,
				5FE02E9527E89D6E0067D89C /* APIError.swift */,
				5FE02E9727E8A1720067D89C /* SessionTask.swift */,
				5F217AC027EC8F8400C82D54 /* CurrencyTest.swift */,
			);
			path = Services;
			sourceTree = "<group>";
		};
		5FCB6F3227DF96E900C90DBF /* Model */ = {
			isa = PBXGroup;
			children = (
				5FAE709627E37E50006E640C /* MyCurrentCurrency.swift */,
				5F217AC227EC94BE00C82D54 /* CalculateExchangeRates.swift */,
				5FB7A8FB27E0B53F00BA1BF3 /* Services */,
			);
			path = Model;
			sourceTree = "<group>";
		};
		5FCB6F3327DF96F300C90DBF /* View */ = {
			isa = PBXGroup;
			children = (
				5FE431F627DD39C3001040D3 /* LaunchScreen.storyboard */,
				5FE431F127DD39C0001040D3 /* Main.storyboard */,
				5FAE709827E48020006E640C /* CurrencyTableViewCell.swift */,
			);
			path = View;
			sourceTree = "<group>";
		};
		5FCB6F3527DF970700C90DBF /* Controller */ = {
			isa = PBXGroup;
			children = (
				5FE5A37027E0B64E0002B586 /* MoneyRatesViewController.swift */,
				5FE5A37227E0B6660002B586 /* TranslateViewController.swift */,
				5FE5A37427E0B6770002B586 /* WeatherViewController.swift */,
			);
			path = Controller;
			sourceTree = "<group>";
		};
		5FCB6F3627DF971100C90DBF /* Supporting files */ = {
			isa = PBXGroup;
			children = (
				5FE431F427DD39C3001040D3 /* Assets.xcassets */,
				5FE431F927DD39C3001040D3 /* Info.plist */,
				5F9839CA27E13A4A00AD58D6 /* ApiKeys.swift */,
			);
			path = "Supporting files";
			sourceTree = "<group>";
		};
		5FE431DF27DD39C0001040D3 = {
			isa = PBXGroup;
			children = (
				5FE431EA27DD39C0001040D3 /* Le Baluchon */,
				5FE4320127DD39C3001040D3 /* Le BaluchonTests */,
				5FE4320B27DD39C4001040D3 /* Le BaluchonUITests */,
				5FE431E927DD39C0001040D3 /* Products */,
			);
			sourceTree = "<group>";
		};
		5FE431E927DD39C0001040D3 /* Products */ = {
			isa = PBXGroup;
			children = (
				5FE431E827DD39C0001040D3 /* Le Baluchon.app */,
				5FE431FE27DD39C3001040D3 /* Le BaluchonTests.xctest */,
				5FE4320827DD39C4001040D3 /* Le BaluchonUITests.xctest */,
			);
			name = Products;
			sourceTree = "<group>";
		};
		5FE431EA27DD39C0001040D3 /* Le Baluchon */ = {
			isa = PBXGroup;
			children = (
				5F217AC427EC9BFA00C82D54 /* Extension */,
				5FE431EB27DD39C0001040D3 /* AppDelegate.swift */,
				5FE431ED27DD39C0001040D3 /* SceneDelegate.swift */,
				5FCB6F3227DF96E900C90DBF /* Model */,
				5FCB6F3327DF96F300C90DBF /* View */,
				5FCB6F3527DF970700C90DBF /* Controller */,
				5FCB6F3627DF971100C90DBF /* Supporting files */,
			);
			path = "Le Baluchon";
			sourceTree = "<group>";
		};
		5FE4320127DD39C3001040D3 /* Le BaluchonTests */ = {
			isa = PBXGroup;
			children = (
				5FE4320227DD39C3001040D3 /* LeBaluchonTests.swift */,
			);
			path = "Le BaluchonTests";
			sourceTree = "<group>";
		};
		5FE4320B27DD39C4001040D3 /* Le BaluchonUITests */ = {
			isa = PBXGroup;
			children = (
				5FE4320C27DD39C4001040D3 /* LeBaluchonUITests.swift */,
				5FE4320E27DD39C4001040D3 /* LeBaluchonUITestsLaunchTests.swift */,
			);
			path = "Le BaluchonUITests";
			sourceTree = "<group>";
		};
/* End PBXGroup section */

/* Begin PBXNativeTarget section */
		5FE431E727DD39C0001040D3 /* Le Baluchon */ = {
			isa = PBXNativeTarget;
			buildConfigurationList = 5FE4321227DD39C4001040D3 /* Build configuration list for PBXNativeTarget "Le Baluchon" */;
			buildPhases = (
				5FE431E427DD39C0001040D3 /* Sources */,
				5FE431E527DD39C0001040D3 /* Frameworks */,
				5FE431E627DD39C0001040D3 /* Resources */,
				5FAE709A27E4E063006E640C /* ShellScript */,
			);
			buildRules = (
			);
			dependencies = (
			);
			name = "Le Baluchon";
			productName = "Le Baluchon";
			productReference = 5FE431E827DD39C0001040D3 /* Le Baluchon.app */;
			productType = "com.apple.product-type.application";
		};
		5FE431FD27DD39C3001040D3 /* Le BaluchonTests */ = {
			isa = PBXNativeTarget;
			buildConfigurationList = 5FE4321527DD39C4001040D3 /* Build configuration list for PBXNativeTarget "Le BaluchonTests" */;
			buildPhases = (
				5FE431FA27DD39C3001040D3 /* Sources */,
				5FE431FB27DD39C3001040D3 /* Frameworks */,
				5FE431FC27DD39C3001040D3 /* Resources */,
			);
			buildRules = (
			);
			dependencies = (
				5FE4320027DD39C3001040D3 /* PBXTargetDependency */,
			);
			name = "Le BaluchonTests";
			productName = "Le BaluchonTests";
			productReference = 5FE431FE27DD39C3001040D3 /* Le BaluchonTests.xctest */;
			productType = "com.apple.product-type.bundle.unit-test";
		};
		5FE4320727DD39C4001040D3 /* Le BaluchonUITests */ = {
			isa = PBXNativeTarget;
			buildConfigurationList = 5FE4321827DD39C4001040D3 /* Build configuration list for PBXNativeTarget "Le BaluchonUITests" */;
			buildPhases = (
				5FE4320427DD39C4001040D3 /* Sources */,
				5FE4320527DD39C4001040D3 /* Frameworks */,
				5FE4320627DD39C4001040D3 /* Resources */,
			);
			buildRules = (
			);
			dependencies = (
				5FE4320A27DD39C4001040D3 /* PBXTargetDependency */,
			);
			name = "Le BaluchonUITests";
			productName = "Le BaluchonUITests";
			productReference = 5FE4320827DD39C4001040D3 /* Le BaluchonUITests.xctest */;
			productType = "com.apple.product-type.bundle.ui-testing";
		};
/* End PBXNativeTarget section */

/* Begin PBXProject section */
		5FE431E027DD39C0001040D3 /* Project object */ = {
			isa = PBXProject;
			attributes = {
				BuildIndependentTargetsInParallel = 1;
				LastSwiftUpdateCheck = 1320;
				LastUpgradeCheck = 1320;
				TargetAttributes = {
					5FE431E727DD39C0001040D3 = {
						CreatedOnToolsVersion = 13.2.1;
					};
					5FE431FD27DD39C3001040D3 = {
						CreatedOnToolsVersion = 13.2.1;
						TestTargetID = 5FE431E727DD39C0001040D3;
					};
					5FE4320727DD39C4001040D3 = {
						CreatedOnToolsVersion = 13.2.1;
						TestTargetID = 5FE431E727DD39C0001040D3;
					};
				};
			};
			buildConfigurationList = 5FE431E327DD39C0001040D3 /* Build configuration list for PBXProject "Le Baluchon" */;
			compatibilityVersion = "Xcode 13.0";
			developmentRegion = en;
			hasScannedForEncodings = 0;
			knownRegions = (
				en,
				Base,
			);
			mainGroup = 5FE431DF27DD39C0001040D3;
			productRefGroup = 5FE431E927DD39C0001040D3 /* Products */;
			projectDirPath = "";
			projectRoot = "";
			targets = (
				5FE431E727DD39C0001040D3 /* Le Baluchon */,
				5FE431FD27DD39C3001040D3 /* Le BaluchonTests */,
				5FE4320727DD39C4001040D3 /* Le BaluchonUITests */,
			);
		};
/* End PBXProject section */

/* Begin PBXResourcesBuildPhase section */
		5FE431E627DD39C0001040D3 /* Resources */ = {
			isa = PBXResourcesBuildPhase;
			buildActionMask = 2147483647;
			files = (
				5FE431F827DD39C3001040D3 /* LaunchScreen.storyboard in Resources */,
				5FE431F527DD39C3001040D3 /* Assets.xcassets in Resources */,
				5FE431F327DD39C0001040D3 /* Main.storyboard in Resources */,
			);
			runOnlyForDeploymentPostprocessing = 0;
		};
		5FE431FC27DD39C3001040D3 /* Resources */ = {
			isa = PBXResourcesBuildPhase;
			buildActionMask = 2147483647;
			files = (
			);
			runOnlyForDeploymentPostprocessing = 0;
		};
		5FE4320627DD39C4001040D3 /* Resources */ = {
			isa = PBXResourcesBuildPhase;
			buildActionMask = 2147483647;
			files = (
			);
			runOnlyForDeploymentPostprocessing = 0;
		};
/* End PBXResourcesBuildPhase section */

/* Begin PBXShellScriptBuildPhase section */
		5FAE709A27E4E063006E640C /* ShellScript */ = {
			isa = PBXShellScriptBuildPhase;
			buildActionMask = 2147483647;
			files = (
			);
			inputFileListPaths = (
			);
			inputPaths = (
			);
			outputFileListPaths = (
			);
			outputPaths = (
			);
			runOnlyForDeploymentPostprocessing = 0;
			shellPath = /bin/sh;
			shellScript = "# Type a script or drag a script file from your workspace to insert its path.\nif which swiftlint >/dev/null; then\n    swiftlint autocorrect\n    swiftlint\nelse\n    echo \"warning: SwiftLint not installed, download from https://github.com/realm/SwiftLint\"\nfi\n";
		};
/* End PBXShellScriptBuildPhase section */

/* Begin PBXSourcesBuildPhase section */
		5FE431E427DD39C0001040D3 /* Sources */ = {
			isa = PBXSourcesBuildPhase;
			buildActionMask = 2147483647;
			files = (
				5FE02E9827E8A1720067D89C /* SessionTask.swift in Sources */,
				5F9839CB27E13A4A00AD58D6 /* ApiKeys.swift in Sources */,
				5FE5A37527E0B6770002B586 /* WeatherViewController.swift in Sources */,
				5FAE709727E37E50006E640C /* MyCurrentCurrency.swift in Sources */,
				5F217AC327EC94BE00C82D54 /* CalculateExchangeRates.swift in Sources */,
				5FE02E9627E89D6E0067D89C /* APIError.swift in Sources */,
				5FAE709927E48020006E640C /* CurrencyTableViewCell.swift in Sources */,
				5FE5A37327E0B6660002B586 /* TranslateViewController.swift in Sources */,
				5F9839C927E138E700AD58D6 /* MoneyRatesServices.swift in Sources */,
				5FE431EC27DD39C0001040D3 /* AppDelegate.swift in Sources */,
				5F217AC627EC9C1500C82D54 /* UITextField.swift in Sources */,
				5FE431EE27DD39C0001040D3 /* SceneDelegate.swift in Sources */,
				5FE5A37127E0B64E0002B586 /* MoneyRatesViewController.swift in Sources */,
				5F217AC127EC8F8400C82D54 /* CurrencyTest.swift in Sources */,
			);
			runOnlyForDeploymentPostprocessing = 0;
		};
		5FE431FA27DD39C3001040D3 /* Sources */ = {
			isa = PBXSourcesBuildPhase;
			buildActionMask = 2147483647;
			files = (
				5FE4320327DD39C3001040D3 /* LeBaluchonTests.swift in Sources */,
			);
			runOnlyForDeploymentPostprocessing = 0;
		};
		5FE4320427DD39C4001040D3 /* Sources */ = {
			isa = PBXSourcesBuildPhase;
			buildActionMask = 2147483647;
			files = (
				5FE4320D27DD39C4001040D3 /* LeBaluchonUITests.swift in Sources */,
				5FE4320F27DD39C4001040D3 /* LeBaluchonUITestsLaunchTests.swift in Sources */,
			);
			runOnlyForDeploymentPostprocessing = 0;
		};
/* End PBXSourcesBuildPhase section */

/* Begin PBXTargetDependency section */
		5FE4320027DD39C3001040D3 /* PBXTargetDependency */ = {
			isa = PBXTargetDependency;
			target = 5FE431E727DD39C0001040D3 /* Le Baluchon */;
			targetProxy = 5FE431FF27DD39C3001040D3 /* PBXContainerItemProxy */;
		};
		5FE4320A27DD39C4001040D3 /* PBXTargetDependency */ = {
			isa = PBXTargetDependency;
			target = 5FE431E727DD39C0001040D3 /* Le Baluchon */;
			targetProxy = 5FE4320927DD39C4001040D3 /* PBXContainerItemProxy */;
		};
/* End PBXTargetDependency section */

/* Begin PBXVariantGroup section */
		5FE431F127DD39C0001040D3 /* Main.storyboard */ = {
			isa = PBXVariantGroup;
			children = (
				5FE431F227DD39C0001040D3 /* Base */,
			);
			name = Main.storyboard;
			sourceTree = "<group>";
		};
		5FE431F627DD39C3001040D3 /* LaunchScreen.storyboard */ = {
			isa = PBXVariantGroup;
			children = (
				5FE431F727DD39C3001040D3 /* Base */,
			);
			name = LaunchScreen.storyboard;
			sourceTree = "<group>";
		};
/* End PBXVariantGroup section */

/* Begin XCBuildConfiguration section */
		5FE4321027DD39C4001040D3 /* Debug */ = {
			isa = XCBuildConfiguration;
			buildSettings = {
				ALWAYS_SEARCH_USER_PATHS = NO;
				CLANG_ANALYZER_NONNULL = YES;
				CLANG_ANALYZER_NUMBER_OBJECT_CONVERSION = YES_AGGRESSIVE;
				CLANG_CXX_LANGUAGE_STANDARD = "gnu++17";
				CLANG_CXX_LIBRARY = "libc++";
				CLANG_ENABLE_MODULES = YES;
				CLANG_ENABLE_OBJC_ARC = YES;
				CLANG_ENABLE_OBJC_WEAK = YES;
				CLANG_WARN_BLOCK_CAPTURE_AUTORELEASING = YES;
				CLANG_WARN_BOOL_CONVERSION = YES;
				CLANG_WARN_COMMA = YES;
				CLANG_WARN_CONSTANT_CONVERSION = YES;
				CLANG_WARN_DEPRECATED_OBJC_IMPLEMENTATIONS = YES;
				CLANG_WARN_DIRECT_OBJC_ISA_USAGE = YES_ERROR;
				CLANG_WARN_DOCUMENTATION_COMMENTS = YES;
				CLANG_WARN_EMPTY_BODY = YES;
				CLANG_WARN_ENUM_CONVERSION = YES;
				CLANG_WARN_INFINITE_RECURSION = YES;
				CLANG_WARN_INT_CONVERSION = YES;
				CLANG_WARN_NON_LITERAL_NULL_CONVERSION = YES;
				CLANG_WARN_OBJC_IMPLICIT_RETAIN_SELF = YES;
				CLANG_WARN_OBJC_LITERAL_CONVERSION = YES;
				CLANG_WARN_OBJC_ROOT_CLASS = YES_ERROR;
				CLANG_WARN_QUOTED_INCLUDE_IN_FRAMEWORK_HEADER = YES;
				CLANG_WARN_RANGE_LOOP_ANALYSIS = YES;
				CLANG_WARN_STRICT_PROTOTYPES = YES;
				CLANG_WARN_SUSPICIOUS_MOVE = YES;
				CLANG_WARN_UNGUARDED_AVAILABILITY = YES_AGGRESSIVE;
				CLANG_WARN_UNREACHABLE_CODE = YES;
				CLANG_WARN__DUPLICATE_METHOD_MATCH = YES;
				COPY_PHASE_STRIP = NO;
				DEBUG_INFORMATION_FORMAT = dwarf;
				ENABLE_STRICT_OBJC_MSGSEND = YES;
				ENABLE_TESTABILITY = YES;
				GCC_C_LANGUAGE_STANDARD = gnu11;
				GCC_DYNAMIC_NO_PIC = NO;
				GCC_NO_COMMON_BLOCKS = YES;
				GCC_OPTIMIZATION_LEVEL = 0;
				GCC_PREPROCESSOR_DEFINITIONS = (
					"DEBUG=1",
					"$(inherited)",
				);
				GCC_WARN_64_TO_32_BIT_CONVERSION = YES;
				GCC_WARN_ABOUT_RETURN_TYPE = YES_ERROR;
				GCC_WARN_UNDECLARED_SELECTOR = YES;
				GCC_WARN_UNINITIALIZED_AUTOS = YES_AGGRESSIVE;
				GCC_WARN_UNUSED_FUNCTION = YES;
				GCC_WARN_UNUSED_VARIABLE = YES;
				INFOPLIST_FILE = "Le Baluchon/Supporting files/Info.plist";
				IPHONEOS_DEPLOYMENT_TARGET = 15.2;
				MTL_ENABLE_DEBUG_INFO = INCLUDE_SOURCE;
				MTL_FAST_MATH = YES;
				ONLY_ACTIVE_ARCH = YES;
				SDKROOT = iphoneos;
				SWIFT_ACTIVE_COMPILATION_CONDITIONS = DEBUG;
				SWIFT_OPTIMIZATION_LEVEL = "-Onone";
			};
			name = Debug;
		};
		5FE4321127DD39C4001040D3 /* Release */ = {
			isa = XCBuildConfiguration;
			buildSettings = {
				ALWAYS_SEARCH_USER_PATHS = NO;
				CLANG_ANALYZER_NONNULL = YES;
				CLANG_ANALYZER_NUMBER_OBJECT_CONVERSION = YES_AGGRESSIVE;
				CLANG_CXX_LANGUAGE_STANDARD = "gnu++17";
				CLANG_CXX_LIBRARY = "libc++";
				CLANG_ENABLE_MODULES = YES;
				CLANG_ENABLE_OBJC_ARC = YES;
				CLANG_ENABLE_OBJC_WEAK = YES;
				CLANG_WARN_BLOCK_CAPTURE_AUTORELEASING = YES;
				CLANG_WARN_BOOL_CONVERSION = YES;
				CLANG_WARN_COMMA = YES;
				CLANG_WARN_CONSTANT_CONVERSION = YES;
				CLANG_WARN_DEPRECATED_OBJC_IMPLEMENTATIONS = YES;
				CLANG_WARN_DIRECT_OBJC_ISA_USAGE = YES_ERROR;
				CLANG_WARN_DOCUMENTATION_COMMENTS = YES;
				CLANG_WARN_EMPTY_BODY = YES;
				CLANG_WARN_ENUM_CONVERSION = YES;
				CLANG_WARN_INFINITE_RECURSION = YES;
				CLANG_WARN_INT_CONVERSION = YES;
				CLANG_WARN_NON_LITERAL_NULL_CONVERSION = YES;
				CLANG_WARN_OBJC_IMPLICIT_RETAIN_SELF = YES;
				CLANG_WARN_OBJC_LITERAL_CONVERSION = YES;
				CLANG_WARN_OBJC_ROOT_CLASS = YES_ERROR;
				CLANG_WARN_QUOTED_INCLUDE_IN_FRAMEWORK_HEADER = YES;
				CLANG_WARN_RANGE_LOOP_ANALYSIS = YES;
				CLANG_WARN_STRICT_PROTOTYPES = YES;
				CLANG_WARN_SUSPICIOUS_MOVE = YES;
				CLANG_WARN_UNGUARDED_AVAILABILITY = YES_AGGRESSIVE;
				CLANG_WARN_UNREACHABLE_CODE = YES;
				CLANG_WARN__DUPLICATE_METHOD_MATCH = YES;
				COPY_PHASE_STRIP = NO;
				DEBUG_INFORMATION_FORMAT = "dwarf-with-dsym";
				ENABLE_NS_ASSERTIONS = NO;
				ENABLE_STRICT_OBJC_MSGSEND = YES;
				GCC_C_LANGUAGE_STANDARD = gnu11;
				GCC_NO_COMMON_BLOCKS = YES;
				GCC_WARN_64_TO_32_BIT_CONVERSION = YES;
				GCC_WARN_ABOUT_RETURN_TYPE = YES_ERROR;
				GCC_WARN_UNDECLARED_SELECTOR = YES;
				GCC_WARN_UNINITIALIZED_AUTOS = YES_AGGRESSIVE;
				GCC_WARN_UNUSED_FUNCTION = YES;
				GCC_WARN_UNUSED_VARIABLE = YES;
				INFOPLIST_FILE = "Le Baluchon/Supporting files/Info.plist";
				IPHONEOS_DEPLOYMENT_TARGET = 15.2;
				MTL_ENABLE_DEBUG_INFO = NO;
				MTL_FAST_MATH = YES;
				SDKROOT = iphoneos;
				SWIFT_COMPILATION_MODE = wholemodule;
				SWIFT_OPTIMIZATION_LEVEL = "-O";
				VALIDATE_PRODUCT = YES;
			};
			name = Release;
		};
		5FE4321327DD39C4001040D3 /* Debug */ = {
			isa = XCBuildConfiguration;
			buildSettings = {
				ASSETCATALOG_COMPILER_APPICON_NAME = AppIcon;
				ASSETCATALOG_COMPILER_GLOBAL_ACCENT_COLOR_NAME = AccentColor;
				CODE_SIGN_STYLE = Automatic;
				CURRENT_PROJECT_VERSION = 1;
				DEVELOPMENT_TEAM = NLCUCTBNY2;
				GENERATE_INFOPLIST_FILE = YES;
				INFOPLIST_FILE = "Le Baluchon/Supporting files/Info.plist";
				INFOPLIST_KEY_UIApplicationSupportsIndirectInputEvents = YES;
				INFOPLIST_KEY_UILaunchStoryboardName = LaunchScreen;
				INFOPLIST_KEY_UIMainStoryboardFile = Main;
				INFOPLIST_KEY_UISupportedInterfaceOrientations = UIInterfaceOrientationPortrait;
				INFOPLIST_KEY_UISupportedInterfaceOrientations_iPad = "UIInterfaceOrientationPortrait UIInterfaceOrientationPortraitUpsideDown UIInterfaceOrientationLandscapeLeft UIInterfaceOrientationLandscapeRight";
				INFOPLIST_KEY_UISupportedInterfaceOrientations_iPhone = "UIInterfaceOrientationPortrait UIInterfaceOrientationLandscapeLeft UIInterfaceOrientationLandscapeRight";
				IPHONEOS_DEPLOYMENT_TARGET = 13.0;
				LD_RUNPATH_SEARCH_PATHS = (
					"$(inherited)",
					"@executable_path/Frameworks",
				);
				MARKETING_VERSION = 1.0;
				PRODUCT_BUNDLE_IDENTIFIER = "Yoan.Le-Baluchon";
				PRODUCT_NAME = "$(TARGET_NAME)";
				SWIFT_EMIT_LOC_STRINGS = YES;
				SWIFT_VERSION = 5.0;
				TARGETED_DEVICE_FAMILY = 1;
			};
			name = Debug;
		};
		5FE4321427DD39C4001040D3 /* Release */ = {
			isa = XCBuildConfiguration;
			buildSettings = {
				ASSETCATALOG_COMPILER_APPICON_NAME = AppIcon;
				ASSETCATALOG_COMPILER_GLOBAL_ACCENT_COLOR_NAME = AccentColor;
				CODE_SIGN_STYLE = Automatic;
				CURRENT_PROJECT_VERSION = 1;
				DEVELOPMENT_TEAM = NLCUCTBNY2;
				GENERATE_INFOPLIST_FILE = YES;
				INFOPLIST_FILE = "Le Baluchon/Supporting files/Info.plist";
				INFOPLIST_KEY_UIApplicationSupportsIndirectInputEvents = YES;
				INFOPLIST_KEY_UILaunchStoryboardName = LaunchScreen;
				INFOPLIST_KEY_UIMainStoryboardFile = Main;
				INFOPLIST_KEY_UISupportedInterfaceOrientations = UIInterfaceOrientationPortrait;
				INFOPLIST_KEY_UISupportedInterfaceOrientations_iPad = "UIInterfaceOrientationPortrait UIInterfaceOrientationPortraitUpsideDown UIInterfaceOrientationLandscapeLeft UIInterfaceOrientationLandscapeRight";
				INFOPLIST_KEY_UISupportedInterfaceOrientations_iPhone = "UIInterfaceOrientationPortrait UIInterfaceOrientationLandscapeLeft UIInterfaceOrientationLandscapeRight";
				IPHONEOS_DEPLOYMENT_TARGET = 13.0;
				LD_RUNPATH_SEARCH_PATHS = (
					"$(inherited)",
					"@executable_path/Frameworks",
				);
				MARKETING_VERSION = 1.0;
				PRODUCT_BUNDLE_IDENTIFIER = "Yoan.Le-Baluchon";
				PRODUCT_NAME = "$(TARGET_NAME)";
				SWIFT_EMIT_LOC_STRINGS = YES;
				SWIFT_VERSION = 5.0;
				TARGETED_DEVICE_FAMILY = 1;
			};
			name = Release;
		};
		5FE4321627DD39C4001040D3 /* Debug */ = {
			isa = XCBuildConfiguration;
			buildSettings = {
				ALWAYS_EMBED_SWIFT_STANDARD_LIBRARIES = YES;
				BUNDLE_LOADER = "$(TEST_HOST)";
				CODE_SIGN_STYLE = Automatic;
				CURRENT_PROJECT_VERSION = 1;
				DEVELOPMENT_TEAM = NLCUCTBNY2;
				GENERATE_INFOPLIST_FILE = YES;
				IPHONEOS_DEPLOYMENT_TARGET = 15.2;
				MARKETING_VERSION = 1.0;
				PRODUCT_BUNDLE_IDENTIFIER = "Yoan.Le-BaluchonTests";
				PRODUCT_NAME = "$(TARGET_NAME)";
				SWIFT_EMIT_LOC_STRINGS = NO;
				SWIFT_VERSION = 5.0;
				TARGETED_DEVICE_FAMILY = "1,2";
				TEST_HOST = "$(BUILT_PRODUCTS_DIR)/Le Baluchon.app/Le Baluchon";
			};
			name = Debug;
		};
		5FE4321727DD39C4001040D3 /* Release */ = {
			isa = XCBuildConfiguration;
			buildSettings = {
				ALWAYS_EMBED_SWIFT_STANDARD_LIBRARIES = YES;
				BUNDLE_LOADER = "$(TEST_HOST)";
				CODE_SIGN_STYLE = Automatic;
				CURRENT_PROJECT_VERSION = 1;
				DEVELOPMENT_TEAM = NLCUCTBNY2;
				GENERATE_INFOPLIST_FILE = YES;
				IPHONEOS_DEPLOYMENT_TARGET = 15.2;
				MARKETING_VERSION = 1.0;
				PRODUCT_BUNDLE_IDENTIFIER = "Yoan.Le-BaluchonTests";
				PRODUCT_NAME = "$(TARGET_NAME)";
				SWIFT_EMIT_LOC_STRINGS = NO;
				SWIFT_VERSION = 5.0;
				TARGETED_DEVICE_FAMILY = "1,2";
				TEST_HOST = "$(BUILT_PRODUCTS_DIR)/Le Baluchon.app/Le Baluchon";
			};
			name = Release;
		};
		5FE4321927DD39C4001040D3 /* Debug */ = {
			isa = XCBuildConfiguration;
			buildSettings = {
				ALWAYS_EMBED_SWIFT_STANDARD_LIBRARIES = YES;
				CODE_SIGN_STYLE = Automatic;
				CURRENT_PROJECT_VERSION = 1;
				DEVELOPMENT_TEAM = NLCUCTBNY2;
				GENERATE_INFOPLIST_FILE = YES;
				MARKETING_VERSION = 1.0;
				PRODUCT_BUNDLE_IDENTIFIER = "Yoan.Le-BaluchonUITests";
				PRODUCT_NAME = "$(TARGET_NAME)";
				SWIFT_EMIT_LOC_STRINGS = NO;
				SWIFT_VERSION = 5.0;
				TARGETED_DEVICE_FAMILY = "1,2";
				TEST_TARGET_NAME = "Le Baluchon";
			};
			name = Debug;
		};
		5FE4321A27DD39C4001040D3 /* Release */ = {
			isa = XCBuildConfiguration;
			buildSettings = {
				ALWAYS_EMBED_SWIFT_STANDARD_LIBRARIES = YES;
				CODE_SIGN_STYLE = Automatic;
				CURRENT_PROJECT_VERSION = 1;
				DEVELOPMENT_TEAM = NLCUCTBNY2;
				GENERATE_INFOPLIST_FILE = YES;
				MARKETING_VERSION = 1.0;
				PRODUCT_BUNDLE_IDENTIFIER = "Yoan.Le-BaluchonUITests";
				PRODUCT_NAME = "$(TARGET_NAME)";
				SWIFT_EMIT_LOC_STRINGS = NO;
				SWIFT_VERSION = 5.0;
				TARGETED_DEVICE_FAMILY = "1,2";
				TEST_TARGET_NAME = "Le Baluchon";
			};
			name = Release;
		};
/* End XCBuildConfiguration section */

/* Begin XCConfigurationList section */
		5FE431E327DD39C0001040D3 /* Build configuration list for PBXProject "Le Baluchon" */ = {
			isa = XCConfigurationList;
			buildConfigurations = (
				5FE4321027DD39C4001040D3 /* Debug */,
				5FE4321127DD39C4001040D3 /* Release */,
			);
			defaultConfigurationIsVisible = 0;
			defaultConfigurationName = Release;
		};
		5FE4321227DD39C4001040D3 /* Build configuration list for PBXNativeTarget "Le Baluchon" */ = {
			isa = XCConfigurationList;
			buildConfigurations = (
				5FE4321327DD39C4001040D3 /* Debug */,
				5FE4321427DD39C4001040D3 /* Release */,
			);
			defaultConfigurationIsVisible = 0;
			defaultConfigurationName = Release;
		};
		5FE4321527DD39C4001040D3 /* Build configuration list for PBXNativeTarget "Le BaluchonTests" */ = {
			isa = XCConfigurationList;
			buildConfigurations = (
				5FE4321627DD39C4001040D3 /* Debug */,
				5FE4321727DD39C4001040D3 /* Release */,
			);
			defaultConfigurationIsVisible = 0;
			defaultConfigurationName = Release;
		};
		5FE4321827DD39C4001040D3 /* Build configuration list for PBXNativeTarget "Le BaluchonUITests" */ = {
			isa = XCConfigurationList;
			buildConfigurations = (
				5FE4321927DD39C4001040D3 /* Debug */,
				5FE4321A27DD39C4001040D3 /* Release */,
			);
			defaultConfigurationIsVisible = 0;
			defaultConfigurationName = Release;
		};
/* End XCConfigurationList section */
	};
	rootObject = 5FE431E027DD39C0001040D3 /* Project object */;
}
